
Microsoft Visual Studio Solution File, Format Version 12.00
# Visual Studio Version 17
VisualStudioVersion = 17.10.35013.160
MinimumVisualStudioVersion = 10.0.40219.1
Project("{FAE04EC0-301F-11D3-BF4B-00C04F79EFBC}") = "ProjetoMVC", "ProjetoMVC\ProjetoMVC.csproj", "{020A6C82-76BF-4046-B626-85B6296ABE32}"
EndProject
Global
	GlobalSection(SolutionConfigurationPlatforms) = preSolution
		Debug|Any CPU = Debug|Any CPU
		Release|Any CPU = Release|Any CPU
	EndGlobalSection
	GlobalSection(ProjectConfigurationPlatforms) = postSolution
		{020A6C82-76BF-4046-B626-85B6296ABE32}.Debug|Any CPU.ActiveCfg = Debug|Any CPU
		{020A6C82-76BF-4046-B626-85B6296ABE32}.Debug|Any CPU.Build.0 = Debug|Any CPU
		{020A6C82-76BF-4046-B626-85B6296ABE32}.Release|Any CPU.ActiveCfg = Release|Any CPU
		{020A6C82-76BF-4046-B626-85B6296ABE32}.Release|Any CPU.Build.0 = Release|Any CPU
	EndGlobalSection
	GlobalSection(SolutionProperties) = preSolution
		HideSolutionNode = FALSE
	EndGlobalSection
	GlobalSection(ExtensibilityGlobals) = postSolution
		SolutionGuid = {8C84C352-1937-4D1B-9CAB-DFAB9356D7AA}
	EndGlobalSection
EndGlobal
